{
  "lockfile-version": 1,
  "manifest": {
    "version": 1,
    "install": {
      "amazon-q-cli": {
        "pkg-path": "amazon-q-cli"
      }
    },
    "hook": {
      "on-activate": "echo \"\"\necho \"🤖 Amazon Q Developer CLI - AI-Powered Terminal Assistant\"\necho \"\"\necho \"Quick start:\"\necho \"  q login                      # Authenticate with AWS Builder ID or IAM\"\necho \"  q chat                       # Start interactive AI chat\"\necho \"  q translate \\\"<text>\\\"         # Convert natural language to commands\"\necho \"  q doctor                     # Run diagnostics\"\necho \"\"\necho \"Advanced:\"\necho \"  q chat --agent <name>        # Use custom agent\"\necho \"  q chat --resume              # Resume previous conversation\"\necho \"  q settings list              # View all settings\"\necho \"  q upgrade                    # Update to latest version\"\necho \"\"\necho \"Configuration:\"\necho \"  ~/.aws/amazonq/              # Config directory (secrets go here)\"\necho \"  .amazonq/                    # Project config (NO secrets!)\"\necho \"\"\necho \"Documentation: https://docs.aws.amazon.com/amazonq/latest/qdeveloper-ug/command-line.html\"\necho \"\"\n"
    },
    "profile": {
      "bash": "# Alias 'q' to 'amazon-q' for convenience\nalias q='amazon-q'\n",
      "zsh": "# Alias 'q' to 'amazon-q' for convenience\nalias q='amazon-q'\n",
      "fish": "# Wrapper function for 'q' command\nfunction q\n    amazon-q $argv\nend\n"
    },
    "options": {}
  },
  "packages": [
    {
      "attr_path": "amazon-q-cli",
      "broken": false,
      "derivation": "/nix/store/dw8knv5yk2ap5azkrcmwy8bxmy2p1xgl-amazon-q-cli-1.18.1.drv",
      "description": "Amazon Q Developer AI coding agent CLI",
      "install_id": "amazon-q-cli",
      "license": "[ MIT, Apache-2.0 ]",
      "locked_url": "https://github.com/flox/nixpkgs?rev=b3d51a0365f6695e7dd5cdf3e180604530ed33b4",
      "name": "amazon-q-cli-1.18.1",
      "pname": "amazon-q-cli",
      "rev": "b3d51a0365f6695e7dd5cdf3e180604530ed33b4",
      "rev_count": 888552,
      "rev_date": "2025-11-02T19:18:41Z",
      "scrape_date": "2025-11-04T00:35:17.894140Z",
      "stabilities": [
        "unstable"
      ],
      "unfree": false,
      "version": "1.18.1",
      "outputs_to_install": [
        "out"
      ],
      "outputs": {
        "out": "/nix/store/kz1f01s3g64ibc1ya1nhw80dvlvdmhbw-amazon-q-cli-1.18.1"
      },
      "system": "aarch64-darwin",
      "group": "toplevel",
      "priority": 5
    },
    {
      "attr_path": "amazon-q-cli",
      "broken": false,
      "derivation": "/nix/store/a6clja8cs1mm4y68c04c7pdgcxwfwgad-amazon-q-cli-1.18.1.drv",
      "description": "Amazon Q Developer AI coding agent CLI",
      "install_id": "amazon-q-cli",
      "license": "[ MIT, Apache-2.0 ]",
      "locked_url": "https://github.com/flox/nixpkgs?rev=b3d51a0365f6695e7dd5cdf3e180604530ed33b4",
      "name": "amazon-q-cli-1.18.1",
      "pname": "amazon-q-cli",
      "rev": "b3d51a0365f6695e7dd5cdf3e180604530ed33b4",
      "rev_count": 888552,
      "rev_date": "2025-11-02T19:18:41Z",
      "scrape_date": "2025-11-05T16:28:57.164007Z",
      "stabilities": [
        "unstable"
      ],
      "unfree": false,
      "version": "1.18.1",
      "outputs_to_install": [
        "out"
      ],
      "outputs": {
        "out": "/nix/store/9l5j9qy85bza8vn7p6qkdjr3imxk8lky-amazon-q-cli-1.18.1"
      },
      "system": "aarch64-linux",
      "group": "toplevel",
      "priority": 5
    },
    {
      "attr_path": "amazon-q-cli",
      "broken": false,
      "derivation": "/nix/store/71p3n7y2pkgvsrx69a4q0asszkp8l0zb-amazon-q-cli-1.18.1.drv",
      "description": "Amazon Q Developer AI coding agent CLI",
      "install_id": "amazon-q-cli",
      "license": "[ MIT, Apache-2.0 ]",
      "locked_url": "https://github.com/flox/nixpkgs?rev=b3d51a0365f6695e7dd5cdf3e180604530ed33b4",
      "name": "amazon-q-cli-1.18.1",
      "pname": "amazon-q-cli",
      "rev": "b3d51a0365f6695e7dd5cdf3e180604530ed33b4",
      "rev_count": 888552,
      "rev_date": "2025-11-02T19:18:41Z",
      "scrape_date": "2025-11-05T16:54:57.003342Z",
      "stabilities": [
        "unstable"
      ],
      "unfree": false,
      "version": "1.18.1",
      "outputs_to_install": [
        "out"
      ],
      "outputs": {
        "out": "/nix/store/05g7jlak3kmx5gl4xmmnv6n2mg94mxf6-amazon-q-cli-1.18.1"
      },
      "system": "x86_64-darwin",
      "group": "toplevel",
      "priority": 5
    },
    {
      "attr_path": "amazon-q-cli",
      "broken": false,
      "derivation": "/nix/store/ncbrgs72a13a2p30ss9gkv4d81h8vx27-amazon-q-cli-1.18.1.drv",
      "description": "Amazon Q Developer AI coding agent CLI",
      "install_id": "amazon-q-cli",
      "license": "[ MIT, Apache-2.0 ]",
      "locked_url": "https://github.com/flox/nixpkgs?rev=b3d51a0365f6695e7dd5cdf3e180604530ed33b4",
      "name": "amazon-q-cli-1.18.1",
      "pname": "amazon-q-cli",
      "rev": "b3d51a0365f6695e7dd5cdf3e180604530ed33b4",
      "rev_count": 888552,
      "rev_date": "2025-11-02T19:18:41Z",
      "scrape_date": "2025-11-05T17:20:46.412070Z",
      "stabilities": [
        "unstable"
      ],
      "unfree": false,
      "version": "1.18.1",
      "outputs_to_install": [
        "out"
      ],
      "outputs": {
        "out": "/nix/store/30wgq10rn49hwi59jaah5j9nlsl5i00f-amazon-q-cli-1.18.1"
      },
      "system": "x86_64-linux",
      "group": "toplevel",
      "priority": 5
    }
  ]
}
