{
  "lockfile-version": 1,
  "manifest": {
    "version": 1,
    "install": {
      "opencode": {
        "pkg-path": "opencode"
      }
    },
    "hook": {},
    "profile": {},
    "options": {}
  },
  "packages": [
    {
      "attr_path": "opencode",
      "broken": false,
      "derivation": "/nix/store/7ajhh6jsr035l9dm0hrv9h5y4jyrk50l-opencode-1.0.10.drv",
      "description": "AI coding agent built for the terminal",
      "install_id": "opencode",
      "license": "MIT",
      "locked_url": "https://github.com/flox/nixpkgs?rev=b3d51a0365f6695e7dd5cdf3e180604530ed33b4",
      "name": "opencode-1.0.10",
      "pname": "opencode",
      "rev": "b3d51a0365f6695e7dd5cdf3e180604530ed33b4",
      "rev_count": 888552,
      "rev_date": "2025-11-02T19:18:41Z",
      "scrape_date": "2025-11-04T00:35:43.236027Z",
      "stabilities": [
        "unstable"
      ],
      "unfree": false,
      "version": "1.0.10",
      "outputs_to_install": [
        "out"
      ],
      "outputs": {
        "out": "/nix/store/rhn58ma986fyp4v8rpjdv20vwxb03hh7-opencode-1.0.10"
      },
      "system": "aarch64-darwin",
      "group": "toplevel",
      "priority": 5
    },
    {
      "attr_path": "opencode",
      "broken": false,
      "derivation": "/nix/store/jyj8rqlvspq45cvjdkl7ybi8sp46mnmi-opencode-1.0.10.drv",
      "description": "AI coding agent built for the terminal",
      "install_id": "opencode",
      "license": "MIT",
      "locked_url": "https://github.com/flox/nixpkgs?rev=b3d51a0365f6695e7dd5cdf3e180604530ed33b4",
      "name": "opencode-1.0.10",
      "pname": "opencode",
      "rev": "b3d51a0365f6695e7dd5cdf3e180604530ed33b4",
      "rev_count": 888552,
      "rev_date": "2025-11-02T19:18:41Z",
      "scrape_date": "2025-11-05T16:29:39.601116Z",
      "stabilities": [
        "unstable"
      ],
      "unfree": false,
      "version": "1.0.10",
      "outputs_to_install": [
        "out"
      ],
      "outputs": {
        "out": "/nix/store/r7lmz8r4v0isb7fx1vhmzmf9xzbszcq1-opencode-1.0.10"
      },
      "system": "aarch64-linux",
      "group": "toplevel",
      "priority": 5
    },
    {
      "attr_path": "opencode",
      "broken": false,
      "derivation": "/nix/store/b3jqnxaxw81rav737rzaji5yqqqhanrk-opencode-1.0.10.drv",
      "description": "AI coding agent built for the terminal",
      "install_id": "opencode",
      "license": "MIT",
      "locked_url": "https://github.com/flox/nixpkgs?rev=b3d51a0365f6695e7dd5cdf3e180604530ed33b4",
      "name": "opencode-1.0.10",
      "pname": "opencode",
      "rev": "b3d51a0365f6695e7dd5cdf3e180604530ed33b4",
      "rev_count": 888552,
      "rev_date": "2025-11-02T19:18:41Z",
      "scrape_date": "2025-11-05T16:55:22.922520Z",
      "stabilities": [
        "unstable"
      ],
      "unfree": false,
      "version": "1.0.10",
      "outputs_to_install": [
        "out"
      ],
      "outputs": {
        "out": "/nix/store/rqfkarn2vh9kf7pdigb47w8ggynzdqs7-opencode-1.0.10"
      },
      "system": "x86_64-darwin",
      "group": "toplevel",
      "priority": 5
    },
    {
      "attr_path": "opencode",
      "broken": false,
      "derivation": "/nix/store/l87p339y09hm61zw5yj9ayhshpkdy21w-opencode-1.0.10.drv",
      "description": "AI coding agent built for the terminal",
      "install_id": "opencode",
      "license": "MIT",
      "locked_url": "https://github.com/flox/nixpkgs?rev=b3d51a0365f6695e7dd5cdf3e180604530ed33b4",
      "name": "opencode-1.0.10",
      "pname": "opencode",
      "rev": "b3d51a0365f6695e7dd5cdf3e180604530ed33b4",
      "rev_count": 888552,
      "rev_date": "2025-11-02T19:18:41Z",
      "scrape_date": "2025-11-05T17:21:32.916873Z",
      "stabilities": [
        "unstable"
      ],
      "unfree": false,
      "version": "1.0.10",
      "outputs_to_install": [
        "out"
      ],
      "outputs": {
        "out": "/nix/store/ipkd6fximiz73d0c21s2v0mikvd1a7w4-opencode-1.0.10"
      },
      "system": "x86_64-linux",
      "group": "toplevel",
      "priority": 5
    }
  ]
}
